
Microsoft Visual Studio Solution File, Format Version 12.00
# Visual Studio Version 16
VisualStudioVersion = 16.0.31205.134
MinimumVisualStudioVersion = 10.0.40219.1
Project("{9A19103F-16F7-4668-BE54-9A1E7A4F7556}") = "FaunaDB.Client", "FaunaDB.Client\FaunaDB.Client.csproj", "{F668B011-79C7-474B-8594-E0D2785F83F8}"
EndProject
Project("{9A19103F-16F7-4668-BE54-9A1E7A4F7556}") = "FaunaDB.Client.Test", "FaunaDB.Client.Test\FaunaDB.Client.Test.csproj", "{CC9D4AE2-C260-4EC0-A5F4-3A5CCCFB99A8}"
EndProject
Project("{2150E333-8FDC-42A3-9474-1A3956D46DE8}") = "Scripts", "Scripts", "{F61FD463-D09F-4B5E-B6B5-7E891C8C87F2}"
	ProjectSection(SolutionItems) = preProject
		Scripts\build.ps1 = Scripts\build.ps1
		Scripts\nuget-pack.ps1 = Scripts\nuget-pack.ps1
		Scripts\nuget-push.ps1 = Scripts\nuget-push.ps1
	EndProjectSection
EndProject
Project("{2150E333-8FDC-42A3-9474-1A3956D46DE8}") = "Solution Items", "Solution Items", "{9B28B68F-057B-4867-8C61-0A1AA1EC6747}"
	ProjectSection(SolutionItems) = preProject
		.editorconfig = .editorconfig
	EndProjectSection
EndProject
Global
	GlobalSection(SolutionConfigurationPlatforms) = preSolution
		Debug|Any CPU = Debug|Any CPU
		Release|Any CPU = Release|Any CPU
	EndGlobalSection
	GlobalSection(ProjectConfigurationPlatforms) = postSolution
		{F668B011-79C7-474B-8594-E0D2785F83F8}.Debug|Any CPU.ActiveCfg = Debug|Any CPU
		{F668B011-79C7-474B-8594-E0D2785F83F8}.Debug|Any CPU.Build.0 = Debug|Any CPU
		{F668B011-79C7-474B-8594-E0D2785F83F8}.Release|Any CPU.ActiveCfg = Release|Any CPU
		{F668B011-79C7-474B-8594-E0D2785F83F8}.Release|Any CPU.Build.0 = Release|Any CPU
		{CC9D4AE2-C260-4EC0-A5F4-3A5CCCFB99A8}.Debug|Any CPU.ActiveCfg = Debug|Any CPU
		{CC9D4AE2-C260-4EC0-A5F4-3A5CCCFB99A8}.Debug|Any CPU.Build.0 = Debug|Any CPU
		{CC9D4AE2-C260-4EC0-A5F4-3A5CCCFB99A8}.Release|Any CPU.ActiveCfg = Release|Any CPU
		{CC9D4AE2-C260-4EC0-A5F4-3A5CCCFB99A8}.Release|Any CPU.Build.0 = Release|Any CPU
	EndGlobalSection
	GlobalSection(SolutionProperties) = preSolution
		HideSolutionNode = FALSE
	EndGlobalSection
	GlobalSection(ExtensibilityGlobals) = postSolution
		SolutionGuid = {AD37DB00-8CD4-49AB-91DA-68AD87D6149F}
	EndGlobalSection
EndGlobal
